
Microsoft Visual Studio Solution File, Format Version 12.00
# Visual Studio Version 17
VisualStudioVersion = 17.1.32328.378
MinimumVisualStudioVersion = 10.0.40219.1
Project("{9A19103F-16F7-4668-BE54-9A1E7A4F7556}") = "UsbManager-Test", "UsbManager-Test\UsbManager-Test.csproj", "{C715DCAC-1ECF-4980-9CF8-16E12EB5BEC0}"
EndProject
Global
	GlobalSection(SolutionConfigurationPlatforms) = preSolution
		Debug|Any CPU = Debug|Any CPU
		Release|Any CPU = Release|Any CPU
	EndGlobalSection
	GlobalSection(ProjectConfigurationPlatforms) = postSolution
		{C715DCAC-1ECF-4980-9CF8-16E12EB5BEC0}.Debug|Any CPU.ActiveCfg = Debug|Any CPU
		{C715DCAC-1ECF-4980-9CF8-16E12EB5BEC0}.Debug|Any CPU.Build.0 = Debug|Any CPU
		{C715DCAC-1ECF-4980-9CF8-16E12EB5BEC0}.Release|Any CPU.ActiveCfg = Release|Any CPU
		{C715DCAC-1ECF-4980-9CF8-16E12EB5BEC0}.Release|Any CPU.Build.0 = Release|Any CPU
	EndGlobalSection
	GlobalSection(SolutionProperties) = preSolution
		HideSolutionNode = FALSE
	EndGlobalSection
	GlobalSection(ExtensibilityGlobals) = postSolution
		SolutionGuid = {545B7309-54D0-47B7-9D52-52A50DBA4FDC}
	EndGlobalSection
EndGlobal
